
Microsoft Visual Studio Solution File, Format Version 12.00
# Visual Studio 2012
Project("{FAE04EC0-301F-11D3-BF4B-00C04F79EFBC}") = "TestMongo", "TestMongo\TestMongo.csproj", "{BC6B0C7E-D838-4475-B05E-E23454AC70BE}"
EndProject
Project("{FAE04EC0-301F-11D3-BF4B-00C04F79EFBC}") = "TestGCM", "TestGCM\TestGCM.csproj", "{A4B9E323-5397-4AEE-82A4-082B1A92E25A}"
EndProject
Project("{FAE04EC0-301F-11D3-BF4B-00C04F79EFBC}") = "PushServices.Core", "PushServices.Core\PushServices.Core.csproj", "{461750F6-1F28-456B-B0DA-68EA46844883}"
EndProject
Project("{2150E333-8FDC-42A3-9474-1A3956D46DE8}") = "WebAdmin", "WebAdmin", "{DD6F1587-F4BF-4805-A712-FD84DF5E13EF}"
EndProject
Project("{FAE04EC0-301F-11D3-BF4B-00C04F79EFBC}") = "PushServices.WebAdmin", "PushServices.WebAdmin\PushServices.WebAdmin.csproj", "{A9C671E7-DB98-4F83-9947-96244CB38CC0}"
EndProject
Global
	GlobalSection(SolutionConfigurationPlatforms) = preSolution
		Debug|Any CPU = Debug|Any CPU
		Release|Any CPU = Release|Any CPU
	EndGlobalSection
	GlobalSection(ProjectConfigurationPlatforms) = postSolution
		{BC6B0C7E-D838-4475-B05E-E23454AC70BE}.Debug|Any CPU.ActiveCfg = Debug|Any CPU
		{BC6B0C7E-D838-4475-B05E-E23454AC70BE}.Debug|Any CPU.Build.0 = Debug|Any CPU
		{BC6B0C7E-D838-4475-B05E-E23454AC70BE}.Release|Any CPU.ActiveCfg = Release|Any CPU
		{BC6B0C7E-D838-4475-B05E-E23454AC70BE}.Release|Any CPU.Build.0 = Release|Any CPU
		{A4B9E323-5397-4AEE-82A4-082B1A92E25A}.Debug|Any CPU.ActiveCfg = Debug|Any CPU
		{A4B9E323-5397-4AEE-82A4-082B1A92E25A}.Debug|Any CPU.Build.0 = Debug|Any CPU
		{A4B9E323-5397-4AEE-82A4-082B1A92E25A}.Release|Any CPU.ActiveCfg = Release|Any CPU
		{A4B9E323-5397-4AEE-82A4-082B1A92E25A}.Release|Any CPU.Build.0 = Release|Any CPU
		{461750F6-1F28-456B-B0DA-68EA46844883}.Debug|Any CPU.ActiveCfg = Debug|Any CPU
		{461750F6-1F28-456B-B0DA-68EA46844883}.Debug|Any CPU.Build.0 = Debug|Any CPU
		{461750F6-1F28-456B-B0DA-68EA46844883}.Release|Any CPU.ActiveCfg = Release|Any CPU
		{461750F6-1F28-456B-B0DA-68EA46844883}.Release|Any CPU.Build.0 = Release|Any CPU
		{A9C671E7-DB98-4F83-9947-96244CB38CC0}.Debug|Any CPU.ActiveCfg = Debug|Any CPU
		{A9C671E7-DB98-4F83-9947-96244CB38CC0}.Debug|Any CPU.Build.0 = Debug|Any CPU
		{A9C671E7-DB98-4F83-9947-96244CB38CC0}.Release|Any CPU.ActiveCfg = Release|Any CPU
		{A9C671E7-DB98-4F83-9947-96244CB38CC0}.Release|Any CPU.Build.0 = Release|Any CPU
	EndGlobalSection
	GlobalSection(SolutionProperties) = preSolution
		HideSolutionNode = FALSE
	EndGlobalSection
	GlobalSection(NestedProjects) = preSolution
		{A9C671E7-DB98-4F83-9947-96244CB38CC0} = {DD6F1587-F4BF-4805-A712-FD84DF5E13EF}
	EndGlobalSection
EndGlobal
